{
  "name": "code",
  "lockfileVersion": 2,
  "requires": true,
  "packages": {
    "": {
      "dependencies": {
        "vue": "^2.6.12"
      }
    },
    "node_modules/vue": {
      "version": "2.6.12",
      "license": "MIT"
    }
  },
  "dependencies": {
    "vue": {
      "version": "2.6.12"
    }
  }
}
